
Microsoft Visual Studio Solution File, Format Version 12.00
# Visual Studio Version 16
VisualStudioVersion = 16.0.31911.196
MinimumVisualStudioVersion = 10.0.40219.1
Project("{FAE04EC0-301F-11D3-BF4B-00C04F79EFBC}") = "RipSSIS", "RipSSIS\RipSSIS.csproj", "{535E5DD6-A119-4052-B637-B305CF97E222}"
EndProject
Project("{FAE04EC0-301F-11D3-BF4B-00C04F79EFBC}") = "RipSSISTests", "RipSSISTests\RipSSISTests.csproj", "{698AFD4A-6EE4-45D6-871B-08291A2986E0}"
EndProject
Project("{FAE04EC0-301F-11D3-BF4B-00C04F79EFBC}") = "ExtensionMethods", "ExtensionMethods\ExtensionMethods.csproj", "{D5072CA0-1510-4F71-9604-741ADB6C00AD}"
EndProject
Project("{FAE04EC0-301F-11D3-BF4B-00C04F79EFBC}") = "SSISExtensions", "SSISExtensions\SSISExtensions.csproj", "{74489639-DEFE-4F80-A7AC-F221AA2ABC9E}"
EndProject
Project("{FAE04EC0-301F-11D3-BF4B-00C04F79EFBC}") = "SQLExtensions", "SQLExtensions\SQLExtensions.csproj", "{D50DE444-1CAE-43FB-932D-8F73AFD1F7E7}"
	ProjectSection(ProjectDependencies) = postProject
		{D5072CA0-1510-4F71-9604-741ADB6C00AD} = {D5072CA0-1510-4F71-9604-741ADB6C00AD}
	EndProjectSection
EndProject
Project("{2150E333-8FDC-42A3-9474-1A3956D46DE8}") = "Solution Items", "Solution Items", "{00EFB138-E71A-4E4B-BD8B-654D10AA8D9B}"
EndProject
Project("{FAE04EC0-301F-11D3-BF4B-00C04F79EFBC}") = "PackageExpansions", "PackageExpansions\PackageExpansions.csproj", "{129FF14A-6E43-489A-8641-E0598694FE9A}"
EndProject
Global
	GlobalSection(SolutionConfigurationPlatforms) = preSolution
		Debug|Any CPU = Debug|Any CPU
		Development|Any CPU = Development|Any CPU
		Release|Any CPU = Release|Any CPU
	EndGlobalSection
	GlobalSection(ProjectConfigurationPlatforms) = postSolution
		{535E5DD6-A119-4052-B637-B305CF97E222}.Debug|Any CPU.ActiveCfg = Debug|Any CPU
		{535E5DD6-A119-4052-B637-B305CF97E222}.Debug|Any CPU.Build.0 = Debug|Any CPU
		{535E5DD6-A119-4052-B637-B305CF97E222}.Development|Any CPU.ActiveCfg = Debug|Any CPU
		{535E5DD6-A119-4052-B637-B305CF97E222}.Development|Any CPU.Build.0 = Debug|Any CPU
		{535E5DD6-A119-4052-B637-B305CF97E222}.Release|Any CPU.ActiveCfg = Release|Any CPU
		{535E5DD6-A119-4052-B637-B305CF97E222}.Release|Any CPU.Build.0 = Release|Any CPU
		{698AFD4A-6EE4-45D6-871B-08291A2986E0}.Debug|Any CPU.ActiveCfg = Debug|Any CPU
		{698AFD4A-6EE4-45D6-871B-08291A2986E0}.Debug|Any CPU.Build.0 = Debug|Any CPU
		{698AFD4A-6EE4-45D6-871B-08291A2986E0}.Development|Any CPU.ActiveCfg = Debug|Any CPU
		{698AFD4A-6EE4-45D6-871B-08291A2986E0}.Development|Any CPU.Build.0 = Debug|Any CPU
		{698AFD4A-6EE4-45D6-871B-08291A2986E0}.Release|Any CPU.ActiveCfg = Release|Any CPU
		{698AFD4A-6EE4-45D6-871B-08291A2986E0}.Release|Any CPU.Build.0 = Release|Any CPU
		{D5072CA0-1510-4F71-9604-741ADB6C00AD}.Debug|Any CPU.ActiveCfg = Debug|Any CPU
		{D5072CA0-1510-4F71-9604-741ADB6C00AD}.Debug|Any CPU.Build.0 = Debug|Any CPU
		{D5072CA0-1510-4F71-9604-741ADB6C00AD}.Development|Any CPU.ActiveCfg = Debug|Any CPU
		{D5072CA0-1510-4F71-9604-741ADB6C00AD}.Development|Any CPU.Build.0 = Debug|Any CPU
		{D5072CA0-1510-4F71-9604-741ADB6C00AD}.Release|Any CPU.ActiveCfg = Release|Any CPU
		{D5072CA0-1510-4F71-9604-741ADB6C00AD}.Release|Any CPU.Build.0 = Release|Any CPU
		{74489639-DEFE-4F80-A7AC-F221AA2ABC9E}.Debug|Any CPU.ActiveCfg = Debug|Any CPU
		{74489639-DEFE-4F80-A7AC-F221AA2ABC9E}.Debug|Any CPU.Build.0 = Debug|Any CPU
		{74489639-DEFE-4F80-A7AC-F221AA2ABC9E}.Development|Any CPU.ActiveCfg = Debug|Any CPU
		{74489639-DEFE-4F80-A7AC-F221AA2ABC9E}.Development|Any CPU.Build.0 = Debug|Any CPU
		{74489639-DEFE-4F80-A7AC-F221AA2ABC9E}.Release|Any CPU.ActiveCfg = Release|Any CPU
		{74489639-DEFE-4F80-A7AC-F221AA2ABC9E}.Release|Any CPU.Build.0 = Release|Any CPU
		{D50DE444-1CAE-43FB-932D-8F73AFD1F7E7}.Debug|Any CPU.ActiveCfg = Debug|Any CPU
		{D50DE444-1CAE-43FB-932D-8F73AFD1F7E7}.Debug|Any CPU.Build.0 = Debug|Any CPU
		{D50DE444-1CAE-43FB-932D-8F73AFD1F7E7}.Development|Any CPU.ActiveCfg = Debug|Any CPU
		{D50DE444-1CAE-43FB-932D-8F73AFD1F7E7}.Development|Any CPU.Build.0 = Debug|Any CPU
		{D50DE444-1CAE-43FB-932D-8F73AFD1F7E7}.Release|Any CPU.ActiveCfg = Release|Any CPU
		{D50DE444-1CAE-43FB-932D-8F73AFD1F7E7}.Release|Any CPU.Build.0 = Release|Any CPU
		{129FF14A-6E43-489A-8641-E0598694FE9A}.Debug|Any CPU.ActiveCfg = Debug|Any CPU
		{129FF14A-6E43-489A-8641-E0598694FE9A}.Debug|Any CPU.Build.0 = Debug|Any CPU
		{129FF14A-6E43-489A-8641-E0598694FE9A}.Development|Any CPU.ActiveCfg = Debug|Any CPU
		{129FF14A-6E43-489A-8641-E0598694FE9A}.Development|Any CPU.Build.0 = Debug|Any CPU
		{129FF14A-6E43-489A-8641-E0598694FE9A}.Release|Any CPU.ActiveCfg = Release|Any CPU
		{129FF14A-6E43-489A-8641-E0598694FE9A}.Release|Any CPU.Build.0 = Release|Any CPU
	EndGlobalSection
	GlobalSection(SolutionProperties) = preSolution
		HideSolutionNode = FALSE
	EndGlobalSection
	GlobalSection(ExtensibilityGlobals) = postSolution
		SolutionGuid = {7D88F4B9-DBFC-4189-AC40-5C30B9F657AD}
	EndGlobalSection
EndGlobal
